PODS:
  - Expecta (1.0.6)
  - Expecta+Snapshots (3.1.1):
    - Expecta (~> 1.0)
    - FBSnapshotTestCase/Core (~> 2.0)
    - Specta (~> 1.0)
  - FBSnapshotTestCase (2.1.4):
    - FBSnapshotTestCase/SwiftSupport (= 2.1.4)
  - FBSnapshotTestCase/Core (2.1.4)
  - FBSnapshotTestCase/SwiftSupport (2.1.4):
    - FBSnapshotTestCase/Core
  - PNGradientView (0.2.0):
    - RZDataBinding
  - RZDataBinding (2.1.0)
  - Specta (1.0.7)

DEPENDENCIES:
  - Expecta
  - Expecta+Snapshots
  - FBSnapshotTestCase
  - PNGradientView (from `../`)
  - Specta

EXTERNAL SOURCES:
  PNGradientView:
    :path: ../

SPEC CHECKSUMS:
  Expecta: 3b6bd90a64b9a1dcb0b70aa0e10a7f8f631667d5
  Expecta+Snapshots: dcff217eef506dabd6dfdc7864ea2da321fafbb8
  FBSnapshotTestCase: 094f9f314decbabe373b87cc339bea235a63e07a
  PNGradientView: 3c8f5b3ddbb7b957b8ecf0c72b5ceff2b36ee24f
  RZDataBinding: 6981e90ddaae2f5e02028323b1043f8c31013109
  Specta: 3e1bd89c3517421982dc4d1c992503e48bd5fe66

PODFILE CHECKSUM: cd7860932a2fb17c979c3a4af42606b114244376

COCOAPODS: 1.4.0
